
Microsoft Visual Studio Solution File, Format Version 12.00
# Visual Studio Version 16
VisualStudioVersion = 16.0.30907.101
MinimumVisualStudioVersion = 10.0.40219.1
Project("{FAE04EC0-301F-11D3-BF4B-00C04F79EFBC}") = "ClientUI", ".\ClientUI\ClientUI\ClientUI.csproj", "{E8573DAC-4505-4C0E-8F0F-B7AE599E35C7}"
EndProject
Project("{FAE04EC0-301F-11D3-BF4B-00C04F79EFBC}") = "Messages", ".\MessageAssembly\MessageAssembly\Messages.csproj", "{5F855348-90AA-461C-8507-7ACAAB33D3CB}"
EndProject
Project("{FAE04EC0-301F-11D3-BF4B-00C04F79EFBC}") = "Sales", ".\Sales\Sales\Sales.csproj", "{2AB2F3B3-5115-48FB-9928-B7B81E039C97}"
EndProject
Global
	GlobalSection(SolutionConfigurationPlatforms) = preSolution
		Debug|Any CPU = Debug|Any CPU
		Release|Any CPU = Release|Any CPU
	EndGlobalSection
	GlobalSection(ProjectConfigurationPlatforms) = postSolution
		{E8573DAC-4505-4C0E-8F0F-B7AE599E35C7}.Debug|Any CPU.ActiveCfg = Debug|Any CPU
		{E8573DAC-4505-4C0E-8F0F-B7AE599E35C7}.Debug|Any CPU.Build.0 = Debug|Any CPU
		{E8573DAC-4505-4C0E-8F0F-B7AE599E35C7}.Release|Any CPU.ActiveCfg = Release|Any CPU
		{E8573DAC-4505-4C0E-8F0F-B7AE599E35C7}.Release|Any CPU.Build.0 = Release|Any CPU
		{5F855348-90AA-461C-8507-7ACAAB33D3CB}.Debug|Any CPU.ActiveCfg = Debug|Any CPU
		{5F855348-90AA-461C-8507-7ACAAB33D3CB}.Debug|Any CPU.Build.0 = Debug|Any CPU
		{5F855348-90AA-461C-8507-7ACAAB33D3CB}.Release|Any CPU.ActiveCfg = Release|Any CPU
		{5F855348-90AA-461C-8507-7ACAAB33D3CB}.Release|Any CPU.Build.0 = Release|Any CPU
		{2AB2F3B3-5115-48FB-9928-B7B81E039C97}.Debug|Any CPU.ActiveCfg = Debug|Any CPU
		{2AB2F3B3-5115-48FB-9928-B7B81E039C97}.Debug|Any CPU.Build.0 = Debug|Any CPU
		{2AB2F3B3-5115-48FB-9928-B7B81E039C97}.Release|Any CPU.ActiveCfg = Release|Any CPU
		{2AB2F3B3-5115-48FB-9928-B7B81E039C97}.Release|Any CPU.Build.0 = Release|Any CPU
	EndGlobalSection
	GlobalSection(SolutionProperties) = preSolution
		HideSolutionNode = FALSE
	EndGlobalSection
	GlobalSection(ExtensibilityGlobals) = postSolution
		SolutionGuid = {FAA63118-4400-4D4E-A28A-53B2DFE8F803}
	EndGlobalSection
EndGlobal
